
Microsoft Visual Studio Solution File, Format Version 12.00
# Visual Studio 15
VisualStudioVersion = 15.0.27130.2036
MinimumVisualStudioVersion = 10.0.40219.1
Project("{FAE04EC0-301F-11D3-BF4B-00C04F79EFBC}") = "SmallFunction", "SmallFunction\SmallFunction.csproj", "{7FA8DF34-9589-4550-A68A-A1C4328E1B9E}"
EndProject
Global
	GlobalSection(SolutionConfigurationPlatforms) = preSolution
		Debug|Any CPU = Debug|Any CPU
		Release|Any CPU = Release|Any CPU
	EndGlobalSection
	GlobalSection(ProjectConfigurationPlatforms) = postSolution
		{7FA8DF34-9589-4550-A68A-A1C4328E1B9E}.Debug|Any CPU.ActiveCfg = Debug|Any CPU
		{7FA8DF34-9589-4550-A68A-A1C4328E1B9E}.Debug|Any CPU.Build.0 = Debug|Any CPU
		{7FA8DF34-9589-4550-A68A-A1C4328E1B9E}.Release|Any CPU.ActiveCfg = Release|Any CPU
		{7FA8DF34-9589-4550-A68A-A1C4328E1B9E}.Release|Any CPU.Build.0 = Release|Any CPU
	EndGlobalSection
	GlobalSection(SolutionProperties) = preSolution
		HideSolutionNode = FALSE
	EndGlobalSection
	GlobalSection(ExtensibilityGlobals) = postSolution
		SolutionGuid = {0FF3E615-E620-4BD4-B831-0FEFEFF5ECD7}
	EndGlobalSection
EndGlobal
